// !$*UTF8*$!
{
	archiveVersion = 1;
	classes = {
	};
	objectVersion = 50;
	objects = {

/* Begin PBXBuildFile section */
		44240BE323E7495600996D19 /* AppDelegate.swift in Sources */ = {isa = PBXBuildFile; fileRef = 44240BE223E7495600996D19 /* AppDelegate.swift */; };
		44240BE523E7495600996D19 /* SceneDelegate.swift in Sources */ = {isa = PBXBuildFile; fileRef = 44240BE423E7495600996D19 /* SceneDelegate.swift */; };
		44240BE723E7495600996D19 /* ViewController.swift in Sources */ = {isa = PBXBuildFile; fileRef = 44240BE623E7495600996D19 /* ViewController.swift */; };
		44240BEA23E7495600996D19 /* Main.storyboard in Resources */ = {isa = PBXBuildFile; fileRef = 44240BE823E7495600996D19 /* Main.storyboard */; };
		44240BEC23E7495800996D19 /* Assets.xcassets in Resources */ = {isa = PBXBuildFile; fileRef = 44240BEB23E7495800996D19 /* Assets.xcassets */; };
		44240BEF23E7495800996D19 /* LaunchScreen.storyboard in Resources */ = {isa = PBXBuildFile; fileRef = 44240BED23E7495800996D19 /* LaunchScreen.storyboard */; };
		44240BFC23E7710F00996D19 /* dataStructure.swift in Sources */ = {isa = PBXBuildFile; fileRef = 44240BFB23E7710F00996D19 /* dataStructure.swift */; };
		AF6F53A123E89C750038B43D /* demo1UITests.swift in Sources */ = {isa = PBXBuildFile; fileRef = AF6F53A023E89C750038B43D /* demo1UITests.swift */; };
		AF6F53A923F4DC790038B43D /* AboutVC.swift in Sources */ = {isa = PBXBuildFile; fileRef = AF6F53A823F4DC790038B43D /* AboutVC.swift */; };
		AF6F53AE23F4ED170038B43D /* MainMenuVCViewController.swift in Sources */ = {isa = PBXBuildFile; fileRef = AF6F53AD23F4ED170038B43D /* MainMenuVCViewController.swift */; };
/* End PBXBuildFile section */

/* Begin PBXContainerItemProxy section */
		AF6F53A323E89C750038B43D /* PBXContainerItemProxy */ = {
			isa = PBXContainerItemProxy;
			containerPortal = 44240BD723E7495600996D19 /* Project object */;
			proxyType = 1;
			remoteGlobalIDString = 44240BDE23E7495600996D19;
			remoteInfo = demo1;
		};
/* End PBXContainerItemProxy section */

/* Begin PBXFileReference section */
		44240BDF23E7495600996D19 /* demo1.app */ = {isa = PBXFileReference; explicitFileType = wrapper.application; includeInIndex = 0; path = demo1.app; sourceTree = BUILT_PRODUCTS_DIR; };
		44240BE223E7495600996D19 /* AppDelegate.swift */ = {isa = PBXFileReference; lastKnownFileType = sourcecode.swift; path = AppDelegate.swift; sourceTree = "<group>"; };
		44240BE423E7495600996D19 /* SceneDelegate.swift */ = {isa = PBXFileReference; lastKnownFileType = sourcecode.swift; path = SceneDelegate.swift; sourceTree = "<group>"; };
		44240BE623E7495600996D19 /* ViewController.swift */ = {isa = PBXFileReference; lastKnownFileType = sourcecode.swift; path = ViewController.swift; sourceTree = "<group>"; };
		44240BE923E7495600996D19 /* Base */ = {isa = PBXFileReference; lastKnownFileType = file.storyboard; name = Base; path = Base.lproj/Main.storyboard; sourceTree = "<group>"; };
		44240BEB23E7495800996D19 /* Assets.xcassets */ = {isa = PBXFileReference; lastKnownFileType = folder.assetcatalog; path = Assets.xcassets; sourceTree = "<group>"; };
		44240BEE23E7495800996D19 /* Base */ = {isa = PBXFileReference; lastKnownFileType = file.storyboard; name = Base; path = Base.lproj/LaunchScreen.storyboard; sourceTree = "<group>"; };
		44240BF023E7495800996D19 /* Info.plist */ = {isa = PBXFileReference; lastKnownFileType = text.plist.xml; path = Info.plist; sourceTree = "<group>"; };
		44240BFB23E7710F00996D19 /* dataStructure.swift */ = {isa = PBXFileReference; lastKnownFileType = sourcecode.swift; path = dataStructure.swift; sourceTree = "<group>"; };
		AF6F539E23E89C750038B43D /* demo1UITests.xctest */ = {isa = PBXFileReference; explicitFileType = wrapper.cfbundle; includeInIndex = 0; path = demo1UITests.xctest; sourceTree = BUILT_PRODUCTS_DIR; };
		AF6F53A023E89C750038B43D /* demo1UITests.swift */ = {isa = PBXFileReference; lastKnownFileType = sourcecode.swift; path = demo1UITests.swift; sourceTree = "<group>"; };
		AF6F53A223E89C750038B43D /* Info.plist */ = {isa = PBXFileReference; lastKnownFileType = text.plist.xml; path = Info.plist; sourceTree = "<group>"; };
		AF6F53A823F4DC790038B43D /* AboutVC.swift */ = {isa = PBXFileReference; lastKnownFileType = sourcecode.swift; path = AboutVC.swift; sourceTree = "<group>"; };
		AF6F53AA23F4EABD0038B43D /* demo1.entitlements */ = {isa = PBXFileReference; lastKnownFileType = text.plist.entitlements; path = demo1.entitlements; sourceTree = "<group>"; };
		AF6F53AD23F4ED170038B43D /* MainMenuVCViewController.swift */ = {isa = PBXFileReference; lastKnownFileType = sourcecode.swift; path = MainMenuVCViewController.swift; sourceTree = "<group>"; };
/* End PBXFileReference section */

/* Begin PBXFrameworksBuildPhase section */
		44240BDC23E7495600996D19 /* Frameworks */ = {
			isa = PBXFrameworksBuildPhase;
			buildActionMask = 2147483647;
			files = (
			);
			runOnlyForDeploymentPostprocessing = 0;
		};
		AF6F539B23E89C750038B43D /* Frameworks */ = {
			isa = PBXFrameworksBuildPhase;
			buildActionMask = 2147483647;
			files = (
			);
			runOnlyForDeploymentPostprocessing = 0;
		};
/* End PBXFrameworksBuildPhase section */

/* Begin PBXGroup section */
		44240BD623E7495600996D19 = {
			isa = PBXGroup;
			children = (
				44240BFD23E7800A00996D19 /* viewControllers */,
				44240BFA23E770F200996D19 /* model */,
				44240BE123E7495600996D19 /* demo1 */,
				AF6F539F23E89C750038B43D /* demo1UITests */,
				44240BE023E7495600996D19 /* Products */,
			);
			sourceTree = "<group>";
		};
		44240BE023E7495600996D19 /* Products */ = {
			isa = PBXGroup;
			children = (
				44240BDF23E7495600996D19 /* demo1.app */,
				AF6F539E23E89C750038B43D /* demo1UITests.xctest */,
			);
			name = Products;
			sourceTree = "<group>";
		};
		44240BE123E7495600996D19 /* demo1 */ = {
			isa = PBXGroup;
			children = (
				AF6F53AA23F4EABD0038B43D /* demo1.entitlements */,
				44240BE223E7495600996D19 /* AppDelegate.swift */,
				44240BE423E7495600996D19 /* SceneDelegate.swift */,
				44240BE823E7495600996D19 /* Main.storyboard */,
				44240BEB23E7495800996D19 /* Assets.xcassets */,
				44240BED23E7495800996D19 /* LaunchScreen.storyboard */,
				44240BF023E7495800996D19 /* Info.plist */,
			);
			path = demo1;
			sourceTree = "<group>";
		};
		44240BFA23E770F200996D19 /* model */ = {
			isa = PBXGroup;
			children = (
			);
			path = model;
			sourceTree = "<group>";
		};
		44240BFD23E7800A00996D19 /* viewControllers */ = {
			isa = PBXGroup;
			children = (
				44240BFB23E7710F00996D19 /* dataStructure.swift */,
				44240BE623E7495600996D19 /* ViewController.swift */,
				AF6F53A823F4DC790038B43D /* AboutVC.swift */,
				AF6F53AD23F4ED170038B43D /* MainMenuVCViewController.swift */,
			);
			path = viewControllers;
			sourceTree = "<group>";
		};
		AF6F539F23E89C750038B43D /* demo1UITests */ = {
			isa = PBXGroup;
			children = (
				AF6F53A023E89C750038B43D /* demo1UITests.swift */,
				AF6F53A223E89C750038B43D /* Info.plist */,
			);
			path = demo1UITests;
			sourceTree = "<group>";
		};
/* End PBXGroup section */

/* Begin PBXNativeTarget section */
		44240BDE23E7495600996D19 /* demo1 */ = {
			isa = PBXNativeTarget;
			buildConfigurationList = 44240BF323E7495800996D19 /* Build configuration list for PBXNativeTarget "demo1" */;
			buildPhases = (
				44240BDB23E7495600996D19 /* Sources */,
				44240BDC23E7495600996D19 /* Frameworks */,
				44240BDD23E7495600996D19 /* Resources */,
			);
			buildRules = (
			);
			dependencies = (
			);
			name = demo1;
			productName = demo1;
			productReference = 44240BDF23E7495600996D19 /* demo1.app */;
			productType = "com.apple.product-type.application";
		};
		AF6F539D23E89C750038B43D /* demo1UITests */ = {
			isa = PBXNativeTarget;
			buildConfigurationList = AF6F53A723E89C750038B43D /* Build configuration list for PBXNativeTarget "demo1UITests" */;
			buildPhases = (
				AF6F539A23E89C750038B43D /* Sources */,
				AF6F539B23E89C750038B43D /* Frameworks */,
				AF6F539C23E89C750038B43D /* Resources */,
			);
			buildRules = (
			);
			dependencies = (
				AF6F53A423E89C750038B43D /* PBXTargetDependency */,
			);
			name = demo1UITests;
			productName = demo1UITests;
			productReference = AF6F539E23E89C750038B43D /* demo1UITests.xctest */;
			productType = "com.apple.product-type.bundle.ui-testing";
		};
/* End PBXNativeTarget section */

/* Begin PBXProject section */
		44240BD723E7495600996D19 /* Project object */ = {
			isa = PBXProject;
			attributes = {
				LastSwiftUpdateCheck = 1130;
				LastUpgradeCheck = 1130;
				ORGANIZATIONNAME = "wang songtao";
				TargetAttributes = {
					44240BDE23E7495600996D19 = {
						CreatedOnToolsVersion = 11.3.1;
					};
					AF6F539D23E89C750038B43D = {
						CreatedOnToolsVersion = 11.3.1;
						TestTargetID = 44240BDE23E7495600996D19;
					};
				};
			};
			buildConfigurationList = 44240BDA23E7495600996D19 /* Build configuration list for PBXProject "demo1" */;
			compatibilityVersion = "Xcode 9.3";
			developmentRegion = en;
			hasScannedForEncodings = 0;
			knownRegions = (
				en,
				Base,
			);
			mainGroup = 44240BD623E7495600996D19;
			productRefGroup = 44240BE023E7495600996D19 /* Products */;
			projectDirPath = "";
			projectRoot = "";
			targets = (
				44240BDE23E7495600996D19 /* demo1 */,
				AF6F539D23E89C750038B43D /* demo1UITests */,
			);
		};
/* End PBXProject section */

/* Begin PBXResourcesBuildPhase section */
		44240BDD23E7495600996D19 /* Resources */ = {
			isa = PBXResourcesBuildPhase;
			buildActionMask = 2147483647;
			files = (
				44240BEF23E7495800996D19 /* LaunchScreen.storyboard in Resources */,
				44240BEC23E7495800996D19 /* Assets.xcassets in Resources */,
				44240BEA23E7495600996D19 /* Main.storyboard in Resources */,
			);
			runOnlyForDeploymentPostprocessing = 0;
		};
		AF6F539C23E89C750038B43D /* Resources */ = {
			isa = PBXResourcesBuildPhase;
			buildActionMask = 2147483647;
			files = (
			);
			runOnlyForDeploymentPostprocessing = 0;
		};
/* End PBXResourcesBuildPhase section */

/* Begin PBXSourcesBuildPhase section */
		44240BDB23E7495600996D19 /* Sources */ = {
			isa = PBXSourcesBuildPhase;
			buildActionMask = 2147483647;
			files = (
				44240BE723E7495600996D19 /* ViewController.swift in Sources */,
				AF6F53A923F4DC790038B43D /* AboutVC.swift in Sources */,
				44240BFC23E7710F00996D19 /* dataStructure.swift in Sources */,
				44240BE323E7495600996D19 /* AppDelegate.swift in Sources */,
				44240BE523E7495600996D19 /* SceneDelegate.swift in Sources */,
				AF6F53AE23F4ED170038B43D /* MainMenuVCViewController.swift in Sources */,
			);
			runOnlyForDeploymentPostprocessing = 0;
		};
		AF6F539A23E89C750038B43D /* Sources */ = {
			isa = PBXSourcesBuildPhase;
			buildActionMask = 2147483647;
			files = (
				AF6F53A123E89C750038B43D /* demo1UITests.swift in Sources */,
			);
			runOnlyForDeploymentPostprocessing = 0;
		};
/* End PBXSourcesBuildPhase section */

/* Begin PBXTargetDependency section */
		AF6F53A423E89C750038B43D /* PBXTargetDependency */ = {
			isa = PBXTargetDependency;
			target = 44240BDE23E7495600996D19 /* demo1 */;
			targetProxy = AF6F53A323E89C750038B43D /* PBXContainerItemProxy */;
		};
/* End PBXTargetDependency section */

/* Begin PBXVariantGroup section */
		44240BE823E7495600996D19 /* Main.storyboard */ = {
			isa = PBXVariantGroup;
			children = (
				44240BE923E7495600996D19 /* Base */,
			);
			name = Main.storyboard;
			sourceTree = "<group>";
		};
		44240BED23E7495800996D19 /* LaunchScreen.storyboard */ = {
			isa = PBXVariantGroup;
			children = (
				44240BEE23E7495800996D19 /* Base */,
			);
			name = LaunchScreen.storyboard;
			sourceTree = "<group>";
		};
/* End PBXVariantGroup section */

/* Begin XCBuildConfiguration section */
		44240BF123E7495800996D19 /* Debug */ = {
			isa = XCBuildConfiguration;
			buildSettings = {
				ALWAYS_SEARCH_USER_PATHS = NO;
				CLANG_ANALYZER_NONNULL = YES;
				CLANG_ANALYZER_NUMBER_OBJECT_CONVERSION = YES_AGGRESSIVE;
				CLANG_CXX_LANGUAGE_STANDARD = "gnu++14";
				CLANG_CXX_LIBRARY = "libc++";
				CLANG_ENABLE_MODULES = YES;
				CLANG_ENABLE_OBJC_ARC = YES;
				CLANG_ENABLE_OBJC_WEAK = YES;
				CLANG_WARN_BLOCK_CAPTURE_AUTORELEASING = YES;
				CLANG_WARN_BOOL_CONVERSION = YES;
				CLANG_WARN_COMMA = YES;
				CLANG_WARN_CONSTANT_CONVERSION = YES;
				CLANG_WARN_DEPRECATED_OBJC_IMPLEMENTATIONS = YES;
				CLANG_WARN_DIRECT_OBJC_ISA_USAGE = YES_ERROR;
				CLANG_WARN_DOCUMENTATION_COMMENTS = YES;
				CLANG_WARN_EMPTY_BODY = YES;
				CLANG_WARN_ENUM_CONVERSION = YES;
				CLANG_WARN_INFINITE_RECURSION = YES;
				CLANG_WARN_INT_CONVERSION = YES;
				CLANG_WARN_NON_LITERAL_NULL_CONVERSION = YES;
				CLANG_WARN_OBJC_IMPLICIT_RETAIN_SELF = YES;
				CLANG_WARN_OBJC_LITERAL_CONVERSION = YES;
				CLANG_WARN_OBJC_ROOT_CLASS = YES_ERROR;
				CLANG_WARN_RANGE_LOOP_ANALYSIS = YES;
				CLANG_WARN_STRICT_PROTOTYPES = YES;
				CLANG_WARN_SUSPICIOUS_MOVE = YES;
				CLANG_WARN_UNGUARDED_AVAILABILITY = YES_AGGRESSIVE;
				CLANG_WARN_UNREACHABLE_CODE = YES;
				CLANG_WARN__DUPLICATE_METHOD_MATCH = YES;
				COPY_PHASE_STRIP = NO;
				DEBUG_INFORMATION_FORMAT = dwarf;
				ENABLE_STRICT_OBJC_MSGSEND = YES;
				ENABLE_TESTABILITY = YES;
				GCC_C_LANGUAGE_STANDARD = gnu11;
				GCC_DYNAMIC_NO_PIC = NO;
				GCC_NO_COMMON_BLOCKS = YES;
				GCC_OPTIMIZATION_LEVEL = 0;
				GCC_PREPROCESSOR_DEFINITIONS = (
					"DEBUG=1",
					"$(inherited)",
				);
				GCC_WARN_64_TO_32_BIT_CONVERSION = YES;
				GCC_WARN_ABOUT_RETURN_TYPE = YES_ERROR;
				GCC_WARN_UNDECLARED_SELECTOR = YES;
				GCC_WARN_UNINITIALIZED_AUTOS = YES_AGGRESSIVE;
				GCC_WARN_UNUSED_FUNCTION = YES;
				GCC_WARN_UNUSED_VARIABLE = YES;
				IPHONEOS_DEPLOYMENT_TARGET = 13.2;
				MTL_ENABLE_DEBUG_INFO = INCLUDE_SOURCE;
				MTL_FAST_MATH = YES;
				ONLY_ACTIVE_ARCH = YES;
				SDKROOT = iphoneos;
				SWIFT_ACTIVE_COMPILATION_CONDITIONS = DEBUG;
				SWIFT_OPTIMIZATION_LEVEL = "-Onone";
			};
			name = Debug;
		};
		44240BF223E7495800996D19 /* Release */ = {
			isa = XCBuildConfiguration;
			buildSettings = {
				ALWAYS_SEARCH_USER_PATHS = NO;
				CLANG_ANALYZER_NONNULL = YES;
				CLANG_ANALYZER_NUMBER_OBJECT_CONVERSION = YES_AGGRESSIVE;
				CLANG_CXX_LANGUAGE_STANDARD = "gnu++14";
				CLANG_CXX_LIBRARY = "libc++";
				CLANG_ENABLE_MODULES = YES;
				CLANG_ENABLE_OBJC_ARC = YES;
				CLANG_ENABLE_OBJC_WEAK = YES;
				CLANG_WARN_BLOCK_CAPTURE_AUTORELEASING = YES;
				CLANG_WARN_BOOL_CONVERSION = YES;
				CLANG_WARN_COMMA = YES;
				CLANG_WARN_CONSTANT_CONVERSION = YES;
				CLANG_WARN_DEPRECATED_OBJC_IMPLEMENTATIONS = YES;
				CLANG_WARN_DIRECT_OBJC_ISA_USAGE = YES_ERROR;
				CLANG_WARN_DOCUMENTATION_COMMENTS = YES;
				CLANG_WARN_EMPTY_BODY = YES;
				CLANG_WARN_ENUM_CONVERSION = YES;
				CLANG_WARN_INFINITE_RECURSION = YES;
				CLANG_WARN_INT_CONVERSION = YES;
				CLANG_WARN_NON_LITERAL_NULL_CONVERSION = YES;
				CLANG_WARN_OBJC_IMPLICIT_RETAIN_SELF = YES;
				CLANG_WARN_OBJC_LITERAL_CONVERSION = YES;
				CLANG_WARN_OBJC_ROOT_CLASS = YES_ERROR;
				CLANG_WARN_RANGE_LOOP_ANALYSIS = YES;
				CLANG_WARN_STRICT_PROTOTYPES = YES;
				CLANG_WARN_SUSPICIOUS_MOVE = YES;
				CLANG_WARN_UNGUARDED_AVAILABILITY = YES_AGGRESSIVE;
				CLANG_WARN_UNREACHABLE_CODE = YES;
				CLANG_WARN__DUPLICATE_METHOD_MATCH = YES;
				COPY_PHASE_STRIP = NO;
				DEBUG_INFORMATION_FORMAT = "dwarf-with-dsym";
				ENABLE_NS_ASSERTIONS = NO;
				ENABLE_STRICT_OBJC_MSGSEND = YES;
				GCC_C_LANGUAGE_STANDARD = gnu11;
				GCC_NO_COMMON_BLOCKS = YES;
				GCC_WARN_64_TO_32_BIT_CONVERSION = YES;
				GCC_WARN_ABOUT_RETURN_TYPE = YES_ERROR;
				GCC_WARN_UNDECLARED_SELECTOR = YES;
				GCC_WARN_UNINITIALIZED_AUTOS = YES_AGGRESSIVE;
				GCC_WARN_UNUSED_FUNCTION = YES;
				GCC_WARN_UNUSED_VARIABLE = YES;
				IPHONEOS_DEPLOYMENT_TARGET = 13.2;
				MTL_ENABLE_DEBUG_INFO = NO;
				MTL_FAST_MATH = YES;
				SDKROOT = iphoneos;
				SWIFT_COMPILATION_MODE = wholemodule;
				SWIFT_OPTIMIZATION_LEVEL = "-O";
				VALIDATE_PRODUCT = YES;
			};
			name = Release;
		};
		44240BF423E7495800996D19 /* Debug */ = {
			isa = XCBuildConfiguration;
			buildSettings = {
				ASSETCATALOG_COMPILER_APPICON_NAME = AppIcon;
				CODE_SIGN_ENTITLEMENTS = demo1/demo1.entitlements;
				"CODE_SIGN_IDENTITY[sdk=macosx*]" = "-";
				CODE_SIGN_STYLE = Automatic;
				DERIVE_MACCATALYST_PRODUCT_BUNDLE_IDENTIFIER = YES;
				INFOPLIST_FILE = demo1/Info.plist;
				LD_RUNPATH_SEARCH_PATHS = (
					"$(inherited)",
					"@executable_path/Frameworks",
				);
				PRODUCT_BUNDLE_IDENTIFIER = com.wangsongtao.demo1;
				PRODUCT_NAME = "$(TARGET_NAME)";
				SUPPORTS_MACCATALYST = YES;
				SWIFT_VERSION = 5.0;
				TARGETED_DEVICE_FAMILY = "1,2";
			};
			name = Debug;
		};
		44240BF523E7495800996D19 /* Release */ = {
			isa = XCBuildConfiguration;
			buildSettings = {
				ASSETCATALOG_COMPILER_APPICON_NAME = AppIcon;
				CODE_SIGN_ENTITLEMENTS = demo1/demo1.entitlements;
				"CODE_SIGN_IDENTITY[sdk=macosx*]" = "-";
				CODE_SIGN_STYLE = Automatic;
				DERIVE_MACCATALYST_PRODUCT_BUNDLE_IDENTIFIER = YES;
				INFOPLIST_FILE = demo1/Info.plist;
				LD_RUNPATH_SEARCH_PATHS = (
					"$(inherited)",
					"@executable_path/Frameworks",
				);
				PRODUCT_BUNDLE_IDENTIFIER = com.wangsongtao.demo1;
				PRODUCT_NAME = "$(TARGET_NAME)";
				SUPPORTS_MACCATALYST = YES;
				SWIFT_VERSION = 5.0;
				TARGETED_DEVICE_FAMILY = "1,2";
			};
			name = Release;
		};
		AF6F53A523E89C750038B43D /* Debug */ = {
			isa = XCBuildConfiguration;
			buildSettings = {
				CODE_SIGN_STYLE = Automatic;
				INFOPLIST_FILE = demo1UITests/Info.plist;
				LD_RUNPATH_SEARCH_PATHS = (
					"$(inherited)",
					"@executable_path/Frameworks",
					"@loader_path/Frameworks",
				);
				PRODUCT_BUNDLE_IDENTIFIER = Scalpel.demo1UITests;
				PRODUCT_NAME = "$(TARGET_NAME)";
				SWIFT_VERSION = 5.0;
				TARGETED_DEVICE_FAMILY = "1,2";
				TEST_TARGET_NAME = demo1;
			};
			name = Debug;
		};
		AF6F53A623E89C750038B43D /* Release */ = {
			isa = XCBuildConfiguration;
			buildSettings = {
				CODE_SIGN_STYLE = Automatic;
				INFOPLIST_FILE = demo1UITests/Info.plist;
				LD_RUNPATH_SEARCH_PATHS = (
					"$(inherited)",
					"@executable_path/Frameworks",
					"@loader_path/Frameworks",
				);
				PRODUCT_BUNDLE_IDENTIFIER = Scalpel.demo1UITests;
				PRODUCT_NAME = "$(TARGET_NAME)";
				SWIFT_VERSION = 5.0;
				TARGETED_DEVICE_FAMILY = "1,2";
				TEST_TARGET_NAME = demo1;
			};
			name = Release;
		};
/* End XCBuildConfiguration section */

/* Begin XCConfigurationList section */
		44240BDA23E7495600996D19 /* Build configuration list for PBXProject "demo1" */ = {
			isa = XCConfigurationList;
			buildConfigurations = (
				44240BF123E7495800996D19 /* Debug */,
				44240BF223E7495800996D19 /* Release */,
			);
			defaultConfigurationIsVisible = 0;
			defaultConfigurationName = Release;
		};
		44240BF323E7495800996D19 /* Build configuration list for PBXNativeTarget "demo1" */ = {
			isa = XCConfigurationList;
			buildConfigurations = (
				44240BF423E7495800996D19 /* Debug */,
				44240BF523E7495800996D19 /* Release */,
			);
			defaultConfigurationIsVisible = 0;
			defaultConfigurationName = Release;
		};
		AF6F53A723E89C750038B43D /* Build configuration list for PBXNativeTarget "demo1UITests" */ = {
			isa = XCConfigurationList;
			buildConfigurations = (
				AF6F53A523E89C750038B43D /* Debug */,
				AF6F53A623E89C750038B43D /* Release */,
			);
			defaultConfigurationIsVisible = 0;
			defaultConfigurationName = Release;
		};
/* End XCConfigurationList section */
	};
	rootObject = 44240BD723E7495600996D19 /* Project object */;
}
